
Microsoft Visual Studio Solution File, Format Version 12.00
# Visual Studio Version 17
VisualStudioVersion = 17.5.002.0
MinimumVisualStudioVersion = 10.0.40219.1
Project("{9A19103F-16F7-4668-BE54-9A1E7A4F7556}") = "SharpGames", "SharpGames.csproj", "{7D82C1A8-9A41-4452-BACE-EAC6A70B121B}"
EndProject
Global
	GlobalSection(SolutionConfigurationPlatforms) = preSolution
		Debug|Any CPU = Debug|Any CPU
		Release|Any CPU = Release|Any CPU
	EndGlobalSection
	GlobalSection(ProjectConfigurationPlatforms) = postSolution
		{7D82C1A8-9A41-4452-BACE-EAC6A70B121B}.Debug|Any CPU.ActiveCfg = Debug|Any CPU
		{7D82C1A8-9A41-4452-BACE-EAC6A70B121B}.Debug|Any CPU.Build.0 = Debug|Any CPU
		{7D82C1A8-9A41-4452-BACE-EAC6A70B121B}.Release|Any CPU.ActiveCfg = Release|Any CPU
		{7D82C1A8-9A41-4452-BACE-EAC6A70B121B}.Release|Any CPU.Build.0 = Release|Any CPU
		{14569633-7A4B-4966-B1B5-7991C3DA0E21}.Debug|Any CPU.ActiveCfg = Debug|Any CPU
		{14569633-7A4B-4966-B1B5-7991C3DA0E21}.Debug|Any CPU.Build.0 = Debug|Any CPU
		{14569633-7A4B-4966-B1B5-7991C3DA0E21}.Release|Any CPU.ActiveCfg = Release|Any CPU
		{14569633-7A4B-4966-B1B5-7991C3DA0E21}.Release|Any CPU.Build.0 = Release|Any CPU
		{2D8C24D3-DA8B-4088-A545-DABB2B60B895}.Debug|Any CPU.ActiveCfg = Debug|Any CPU
		{2D8C24D3-DA8B-4088-A545-DABB2B60B895}.Debug|Any CPU.Build.0 = Debug|Any CPU
		{2D8C24D3-DA8B-4088-A545-DABB2B60B895}.Release|Any CPU.ActiveCfg = Release|Any CPU
		{2D8C24D3-DA8B-4088-A545-DABB2B60B895}.Release|Any CPU.Build.0 = Release|Any CPU
	EndGlobalSection
	GlobalSection(SolutionProperties) = preSolution
		HideSolutionNode = FALSE
	EndGlobalSection
	GlobalSection(ExtensibilityGlobals) = postSolution
		SolutionGuid = {AA138B31-65AD-4154-841E-A0750EB8EB4C}
	EndGlobalSection
EndGlobal
